
Microsoft Visual Studio Solution File, Format Version 12.00
# Visual Studio Version 16
VisualStudioVersion = 16.0.30717.126
MinimumVisualStudioVersion = 10.0.40219.1
Project("{FAE04EC0-301F-11D3-BF4B-00C04F79EFBC}") = "Navtech", "Navtech\Navtech.csproj", "{7B2A1199-D430-4181-A2F1-2FAC1A48BC65}"
EndProject
Project("{FAE04EC0-301F-11D3-BF4B-00C04F79EFBC}") = "ApiModels", "ApiModels\ApiModels.csproj", "{24677A2F-26C8-4EDE-ADB7-AD348D1C1BA3}"
EndProject
Project("{FAE04EC0-301F-11D3-BF4B-00C04F79EFBC}") = "ApiService", "ApiService\ApiService.csproj", "{15C6FDD3-8FC2-422B-82D8-AD31FBAC2A08}"
EndProject
Project("{FAE04EC0-301F-11D3-BF4B-00C04F79EFBC}") = "Navtech.Data", "Data\Navtech.Data.csproj", "{0DCF25F7-AE13-480E-9DD9-C2FD44F73428}"
EndProject
Project("{00D1A9C2-B5F0-4AF3-8072-F6C62B433612}") = "Database", "Database\Database.sqlproj", "{106F39A5-9935-428C-BA9B-9354B44CFD8D}"
EndProject
Global
	GlobalSection(SolutionConfigurationPlatforms) = preSolution
		Debug|Any CPU = Debug|Any CPU
		Release|Any CPU = Release|Any CPU
	EndGlobalSection
	GlobalSection(ProjectConfigurationPlatforms) = postSolution
		{7B2A1199-D430-4181-A2F1-2FAC1A48BC65}.Debug|Any CPU.ActiveCfg = Debug|Any CPU
		{7B2A1199-D430-4181-A2F1-2FAC1A48BC65}.Debug|Any CPU.Build.0 = Debug|Any CPU
		{7B2A1199-D430-4181-A2F1-2FAC1A48BC65}.Release|Any CPU.ActiveCfg = Release|Any CPU
		{7B2A1199-D430-4181-A2F1-2FAC1A48BC65}.Release|Any CPU.Build.0 = Release|Any CPU
		{24677A2F-26C8-4EDE-ADB7-AD348D1C1BA3}.Debug|Any CPU.ActiveCfg = Debug|Any CPU
		{24677A2F-26C8-4EDE-ADB7-AD348D1C1BA3}.Debug|Any CPU.Build.0 = Debug|Any CPU
		{24677A2F-26C8-4EDE-ADB7-AD348D1C1BA3}.Release|Any CPU.ActiveCfg = Release|Any CPU
		{24677A2F-26C8-4EDE-ADB7-AD348D1C1BA3}.Release|Any CPU.Build.0 = Release|Any CPU
		{15C6FDD3-8FC2-422B-82D8-AD31FBAC2A08}.Debug|Any CPU.ActiveCfg = Debug|Any CPU
		{15C6FDD3-8FC2-422B-82D8-AD31FBAC2A08}.Debug|Any CPU.Build.0 = Debug|Any CPU
		{15C6FDD3-8FC2-422B-82D8-AD31FBAC2A08}.Release|Any CPU.ActiveCfg = Release|Any CPU
		{15C6FDD3-8FC2-422B-82D8-AD31FBAC2A08}.Release|Any CPU.Build.0 = Release|Any CPU
		{0DCF25F7-AE13-480E-9DD9-C2FD44F73428}.Debug|Any CPU.ActiveCfg = Debug|Any CPU
		{0DCF25F7-AE13-480E-9DD9-C2FD44F73428}.Debug|Any CPU.Build.0 = Debug|Any CPU
		{0DCF25F7-AE13-480E-9DD9-C2FD44F73428}.Release|Any CPU.ActiveCfg = Release|Any CPU
		{0DCF25F7-AE13-480E-9DD9-C2FD44F73428}.Release|Any CPU.Build.0 = Release|Any CPU
		{106F39A5-9935-428C-BA9B-9354B44CFD8D}.Debug|Any CPU.ActiveCfg = Debug|Any CPU
		{106F39A5-9935-428C-BA9B-9354B44CFD8D}.Debug|Any CPU.Build.0 = Debug|Any CPU
		{106F39A5-9935-428C-BA9B-9354B44CFD8D}.Debug|Any CPU.Deploy.0 = Debug|Any CPU
		{106F39A5-9935-428C-BA9B-9354B44CFD8D}.Release|Any CPU.ActiveCfg = Release|Any CPU
		{106F39A5-9935-428C-BA9B-9354B44CFD8D}.Release|Any CPU.Build.0 = Release|Any CPU
		{106F39A5-9935-428C-BA9B-9354B44CFD8D}.Release|Any CPU.Deploy.0 = Release|Any CPU
	EndGlobalSection
	GlobalSection(SolutionProperties) = preSolution
		HideSolutionNode = FALSE
	EndGlobalSection
	GlobalSection(ExtensibilityGlobals) = postSolution
		SolutionGuid = {6B4E7F37-3C16-4A70-9476-D0FA93463CDA}
	EndGlobalSection
EndGlobal
